
Microsoft Visual Studio Solution File, Format Version 12.00
# Visual Studio Version 16
VisualStudioVersion = 16.0.30011.22
MinimumVisualStudioVersion = 10.0.40219.1
Project("{FAE04EC0-301F-11D3-BF4B-00C04F79EFBC}") = "hoa_don_nhap", "hoa_don_nhap.csproj", "{2D94F4B5-3F53-4035-8763-368AD17A13CA}"
EndProject
Global
	GlobalSection(SolutionConfigurationPlatforms) = preSolution
		Debug|Any CPU = Debug|Any CPU
		Release|Any CPU = Release|Any CPU
	EndGlobalSection
	GlobalSection(ProjectConfigurationPlatforms) = postSolution
		{2D94F4B5-3F53-4035-8763-368AD17A13CA}.Debug|Any CPU.ActiveCfg = Debug|Any CPU
		{2D94F4B5-3F53-4035-8763-368AD17A13CA}.Debug|Any CPU.Build.0 = Debug|Any CPU
		{2D94F4B5-3F53-4035-8763-368AD17A13CA}.Release|Any CPU.ActiveCfg = Release|Any CPU
		{2D94F4B5-3F53-4035-8763-368AD17A13CA}.Release|Any CPU.Build.0 = Release|Any CPU
	EndGlobalSection
	GlobalSection(SolutionProperties) = preSolution
		HideSolutionNode = FALSE
	EndGlobalSection
	GlobalSection(ExtensibilityGlobals) = postSolution
		SolutionGuid = {BE3B37FD-981F-4B6C-80CE-585E609E35E0}
	EndGlobalSection
EndGlobal
